
Microsoft Visual Studio Solution File, Format Version 12.00
# Visual Studio Version 17
VisualStudioVersion = 17.13.35913.81 d17.13
MinimumVisualStudioVersion = 10.0.40219.1
Project("{FAE04EC0-301F-11D3-BF4B-00C04F79EFBC}") = "WeatherStation", "WatherStation\WeatherStation.csproj", "{06B83A01-E1BB-48BC-8A85-216359864D03}"
EndProject
Global
	GlobalSection(SolutionConfigurationPlatforms) = preSolution
		Debug|Any CPU = Debug|Any CPU
		Release|Any CPU = Release|Any CPU
	EndGlobalSection
	GlobalSection(ProjectConfigurationPlatforms) = postSolution
		{06B83A01-E1BB-48BC-8A85-216359864D03}.Debug|Any CPU.ActiveCfg = Debug|Any CPU
		{06B83A01-E1BB-48BC-8A85-216359864D03}.Debug|Any CPU.Build.0 = Debug|Any CPU
		{06B83A01-E1BB-48BC-8A85-216359864D03}.Release|Any CPU.ActiveCfg = Release|Any CPU
		{06B83A01-E1BB-48BC-8A85-216359864D03}.Release|Any CPU.Build.0 = Release|Any CPU
	EndGlobalSection
	GlobalSection(SolutionProperties) = preSolution
		HideSolutionNode = FALSE
	EndGlobalSection
	GlobalSection(ExtensibilityGlobals) = postSolution
		SolutionGuid = {C95DFD8F-783E-41CC-9C16-EB2765E61DF2}
	EndGlobalSection
EndGlobal
